Microsoft Visual Studio Solution File, Format Version 12.00
# Visual Studio Version 17
VisualStudioVersion = 17.5.2.0
MinimumVisualStudioVersion = 10.0.40219.1
Project("{2150E333-8FDC-42A3-9474-1A3956D46DE8}") = "sandbox", "sandbox", "{3D40F055-384E-DE04-BB81-B7972E166B19}"
EndProject
Project("{2150E333-8FDC-42A3-9474-1A3956D46DE8}") = "hello_worlds", "hello_worlds", "{482A45B6-928D-D10A-29EA-FAA64A35EB09}"
EndProject
Project("{FAE04EC0-301F-11D3-BF4B-00C04F79EFBC}") = "hello_world", "sandbox\hello_worlds\hello_world\hello_world.csproj", "{B3DCCA73-1ADB-500A-08FF-8BEEA537C102}"
EndProject
Global
	GlobalSection(SolutionConfigurationPlatforms) = preSolution
		Debug|Any CPU = Debug|Any CPU
		Release|Any CPU = Release|Any CPU
	EndGlobalSection
	GlobalSection(ProjectConfigurationPlatforms) = postSolution
		{B3DCCA73-1ADB-500A-08FF-8BEEA537C102}.Debug|Any CPU.ActiveCfg = Debug|Any CPU
		{B3DCCA73-1ADB-500A-08FF-8BEEA537C102}.Debug|Any CPU.Build.0 = Debug|Any CPU
		{B3DCCA73-1ADB-500A-08FF-8BEEA537C102}.Release|Any CPU.ActiveCfg = Release|Any CPU
		{B3DCCA73-1ADB-500A-08FF-8BEEA537C102}.Release|Any CPU.Build.0 = Release|Any CPU
	EndGlobalSection
	GlobalSection(SolutionProperties) = preSolution
		HideSolutionNode = FALSE
	EndGlobalSection
	GlobalSection(NestedProjects) = preSolution
		{482A45B6-928D-D10A-29EA-FAA64A35EB09} = {3D40F055-384E-DE04-BB81-B7972E166B19}
		{B3DCCA73-1ADB-500A-08FF-8BEEA537C102} = {482A45B6-928D-D10A-29EA-FAA64A35EB09}
	EndGlobalSection
	GlobalSection(ExtensibilityGlobals) = postSolution
		SolutionGuid = {1A849CBE-CB5E-40EE-B824-0AE571518455}
	EndGlobalSection
EndGlobal
